{
  "name": "mapgroup",
  "version": "1.0.0",
  "lockfileVersion": 1,
  "requires": true,
  "dependencies": {
    "pollen-map": {
      "version": "0.0.2",
      "resolved": "https://registry.npmjs.org/pollen-map/-/pollen-map-0.0.2.tgz",
      "integrity": "sha512-ozXkH7EcXncZ+viOk2jB0Y/sC0C+xwoocs+cL04GwltD17cBCdJl8aqDP0G5cM6ouH6HOoNhIu0lw0ySPPttOw=="
    }
  }
}
